# This file is automatically @generated by Poetry 1.8.3 and should not be changed by hand.

[[package]]
name = "windows-curses"
version = "2.3.3"
description = "Support for the standard curses module on Windows"
optional = false
python-versions = "*"
files = [
    {file = "windows_curses-2.3.3-cp310-cp310-win32.whl", hash = "sha256:859011e77d7d9d9eaabb4fe081760cec966454bdea18a9f3a98e6d10e802fb61"},
    {file = "windows_curses-2.3.3-cp310-cp310-win_amd64.whl", hash = "sha256:cb0eaf41b90c0b7e33269a6cf34900d8b0d7f3fcf2c1f9dd8191bac11955b711"},
    {file = "windows_curses-2.3.3-cp311-cp311-win32.whl", hash = "sha256:3b3d01720724532794e81f0496d18c1284791b6e5b1fa7a59ec878d1c5134dde"},
    {file = "windows_curses-2.3.3-cp311-cp311-win_amd64.whl", hash = "sha256:a5d90950656fc0d85aa3d395ec7f454cc7136add512d40a9c5e8ff29a0ce4905"},
    {file = "windows_curses-2.3.3-cp312-cp312-win32.whl", hash = "sha256:e24b68a1c029d3ff521cf9325ba0f533b303e22ed148952a5a5e6396f29f536c"},
    {file = "windows_curses-2.3.3-cp312-cp312-win_amd64.whl", hash = "sha256:eaea51f169d9940a9bad1edda1759f63795daeb2174b2a45c895148058970689"},
    {file = "windows_curses-2.3.3-cp36-cp36m-win32.whl", hash = "sha256:0d7fb1d799ce3458c9e7215ffa2e8c5e347dabeef1227350b62db6030ebd4c24"},
    {file = "windows_curses-2.3.3-cp36-cp36m-win_amd64.whl", hash = "sha256:1db4246cc019d31614d29e0a26bb8792b0a1a9ba4fbb82ceaf85e5607c7a2857"},
    {file = "windows_curses-2.3.3-cp37-cp37m-win32.whl", hash = "sha256:cb654716c400b24c6410e09415ea682307cf874ee76b109d9c6587a42ac7ed62"},
    {file = "windows_curses-2.3.3-cp37-cp37m-win_amd64.whl", hash = "sha256:ba4a6a0d2d56ad834a1241fb5ce83186322cca87295ef4a768ede870ad33d597"},
    {file = "windows_curses-2.3.3-cp38-cp38-win32.whl", hash = "sha256:a3604136cc0284e2284c7172bb81ba6ff914f820c2eb156e5dde71dafd98fff9"},
    {file = "windows_curses-2.3.3-cp38-cp38-win_amd64.whl", hash = "sha256:15d148658e8967fd3826c907c4ad094d35a7a3605eb0e2d1bbad0b5c81b9df9f"},
    {file = "windows_curses-2.3.3-cp39-cp39-win32.whl", hash = "sha256:b61d1d949b508de4e73e8b4848e243c5d9de691c242b2c8d458a991e5e80ad18"},
    {file = "windows_curses-2.3.3-cp39-cp39-win_amd64.whl", hash = "sha256:23b71f3a44cc5a5b92e12d3a519e840e54f8252ff3ef867b630963d5fe7124dd"},
]

[metadata]
lock-version = "2.0"
python-versions = "^3.12"
content-hash = "5ce87ddba9f563f0e633d17d19296906953a898f502109ec97db32b2844aee0b"
